lockfileVersion: '9.0'

settings:
  autoInstallPeers: true
  excludeLinksFromLockfile: false

overrides:
  esbuild: 0.28.1

importers:

  .:
    dependencies:
      '@fontsource-variable/anybody':
        specifier: 5.2.7
        version: 5.2.7
      '@fontsource-variable/manrope':
        specifier: 5.2.8
        version: 5.2.8
      '@fontsource-variable/newsreader':
        specifier: 5.2.10
        version: 5.2.10
      '@fontsource/allura':
        specifier: 5.2.8
        version: 5.2.8
      astro:
        specifier: 7.0.7
        version: 7.0.7(@emnapi/core@1.11.1)(@emnapi/runtime@1.11.2)(@types/node@24.10.1)(@vercel/functions@3.7.5(ws@8.21.0))(rollup@4.62.2)(yaml@2.9.0)
      gsap:
        specifier: ^3.15.0
        version: 3.15.0
    devDependencies:
      '@astrojs/check':
        specifier: 0.9.9
        version: 0.9.9(prettier@3.9.4)(typescript@6.0.3)
      '@axe-core/playwright':
        specifier: 4.12.1
        version: 4.12.1(playwright-core@1.61.1)
      '@playwright/test':
        specifier: 1.61.1
        version: 1.61.1
      '@types/node':
        specifier: 24.10.1
        version: 24.10.1
      postgres:
        specifier: 3.4.9
        version: 3.4.9
      typescript:
        specifier: 6.0.3
        version: 6.0.3
      vitest:
        specifier: 4.1.10
        version: 4.1.10(@types/node@24.10.1)(vite@8.1.3(@types/node@24.10.1)(esbuild@0.28.1)(yaml@2.9.0))

  dashboard:
    dependencies:
      '@astrojs/node':
        specifier: 10.1.4
        version: 10.1.4(astro@6.4.8(@types/node@24.10.1)(@vercel/functions@3.7.5(ws@8.21.0))(lightningcss@1.32.0)(rollup@4.62.2)(yaml@2.9.0))
      '@clerk/astro':
        specifier: 3.4.15
        version: 3.4.15(astro@6.4.8(@types/node@24.10.1)(@vercel/functions@3.7.5(ws@8.21.0))(lightningcss@1.32.0)(rollup@4.62.2)(yaml@2.9.0))
      '@fontsource-variable/cormorant':
        specifier: 5.2.8
        version: 5.2.8
      '@fontsource-variable/manrope':
        specifier: 5.2.8
        version: 5.2.8
      '@leon/platform-core':
        specifier: workspace:*
        version: link:../platform-core
      astro:
        specifier: 6.4.8
        version: 6.4.8(@types/node@24.10.1)(@vercel/functions@3.7.5(ws@8.21.0))(lightningcss@1.32.0)(rollup@4.62.2)(yaml@2.9.0)
      stripe:
        specifier: 22.3.1
        version: 22.3.1(@types/node@24.10.1)
    devDependencies:
      '@astrojs/check':
        specifier: 0.9.9
        version: 0.9.9(prettier@3.9.4)(typescript@6.0.3)
      '@axe-core/playwright':
        specifier: 4.12.1
        version: 4.12.1(playwright-core@1.61.1)
      '@playwright/test':
        specifier: 1.61.1
        version: 1.61.1
      '@types/node':
        specifier: 24.10.1
        version: 24.10.1
      typescript:
        specifier: 6.0.3
        version: 6.0.3
      vitest:
        specifier: 4.1.10
        version: 4.1.10(@types/node@24.10.1)(vite@8.1.3(@types/node@24.10.1)(esbuild@0.28.1)(yaml@2.9.0))

  domain-worker:
    dependencies:
      postgres:
        specifier: 3.4.9
        version: 3.4.9
    devDependencies:
      '@types/node':
        specifier: 24.10.1
        version: 24.10.1
      typescript:
        specifier: 6.0.3
        version: 6.0.3
      vitest:
        specifier: 4.1.10
        version: 4.1.10(@types/node@24.10.1)(vite@8.1.3(@types/node@24.10.1)(esbuild@0.28.1)(yaml@2.9.0))

  photographer-site:
    dependencies:
      '@astrojs/node':
        specifier: 10.1.4
        version: 10.1.4(astro@6.4.8(@types/node@24.10.1)(@vercel/functions@3.7.5(ws@8.21.0))(lightningcss@1.32.0)(rollup@4.62.2)(yaml@2.9.0))
      '@clerk/astro':
        specifier: 3.4.15
        version: 3.4.15(astro@6.4.8(@types/node@24.10.1)(@vercel/functions@3.7.5(ws@8.21.0))(lightningcss@1.32.0)(rollup@4.62.2)(yaml@2.9.0))
      '@fontsource-variable/manrope':
        specifier: 5.2.8
        version: 5.2.8
      '@fontsource-variable/newsreader':
        specifier: 5.2.8
        version: 5.2.8
      '@fontsource/barlow-condensed':
        specifier: 5.2.8
        version: 5.2.8
      '@fontsource/ibm-plex-mono':
        specifier: 5.2.7
        version: 5.2.7
      '@leon/platform-core':
        specifier: workspace:*
        version: link:../platform-core
      astro:
        specifier: 6.4.8
        version: 6.4.8(@types/node@24.10.1)(@vercel/functions@3.7.5(ws@8.21.0))(lightningcss@1.32.0)(rollup@4.62.2)(yaml@2.9.0)
      gsap:
        specifier: 3.15.0
        version: 3.15.0
      sharp:
        specifier: 0.35.3
        version: 0.35.3(@types/node@24.10.1)
      stripe:
        specifier: 22.3.1
        version: 22.3.1(@types/node@24.10.1)
    devDependencies:
      '@astrojs/check':
        specifier: 0.9.9
        version: 0.9.9(prettier@3.9.4)(typescript@6.0.3)
      '@axe-core/playwright':
        specifier: 4.12.1
        version: 4.12.1(playwright-core@1.61.1)
      '@playwright/test':
        specifier: 1.61.1
        version: 1.61.1
      '@types/node':
        specifier: 24.10.1
        version: 24.10.1
      typescript:
        specifier: 6.0.3
        version: 6.0.3
      vitest:
        specifier: 4.1.10
        version: 4.1.10(@types/node@24.10.1)(vite@8.1.3(@types/node@24.10.1)(esbuild@0.28.1)(yaml@2.9.0))

  platform-core:
    dependencies:
      postgres:
        specifier: 3.4.9
        version: 3.4.9

packages:

  '@astrojs/check@0.9.9':
    resolution: {integrity: sha512-A5UW8uIuErLWEoRQvzgXpO1gTjUFtK8r7nU2Z7GewAMxUb7bPvpk11qaKKgxqXlHJWlAvaaxy+Xg28A6bmQ1Tg==}
    hasBin: true
    peerDependencies:
      typescript: ^5.0.0 || ^6.0.0

  '@astrojs/compiler-binding-darwin-arm64@0.3.0':
    resolution: {integrity: sha512-3n0uu+uJpnCq8b4JFi3uGDsIisAvHctxSmH+cIO9Gbei1H1Y1QXaYboXyiWJugUmprr3OEYP7+LdodzpVFzLMQ==}
    engines: {node: ^20.19.0 || >=22.12.0}
    cpu: [arm64]
    os: [darwin]

  '@astrojs/compiler-binding-darwin-x64@0.3.0':
    resolution: {integrity: sha512-scxNGKjOBydMo1QR4LtK0FMgh7ubQomJDv953nz2msQFkPKke/0FpPv/cQM0T/kuZdReZQFU8Oz3iOrP/6WHEg==}
    engines: {node: ^20.19.0 || >=22.12.0}
    cpu: [x64]
    os: [darwin]

  '@astrojs/compiler-binding-linux-arm64-gnu@0.3.0':
    resolution: {integrity: sha512-NZrWLolVUANmrnl0zrFK/Sx5Sock1gEUT49ALfMTTCA5Ya2ec/BoJXMIg4KgE+wZcrdXJ8e+WyEhM7YLk/FJkA==}
    engines: {node: ^20.19.0 || >=22.12.0}
    cpu: [arm64]
    os: [linux]
    libc: [glibc]

  '@astrojs/compiler-binding-linux-arm64-musl@0.3.0':
    resolution: {integrity: sha512-PjwRmKgMFDsFhg82g0poXlIY8Qn3fMA3hXjaR0coJWJzTJsRH9ATU0j2ocigjtU1h3vL/yR7yLUxGj/lTCq73g==}
    engines: {node: ^20.19.0 || >=22.12.0}
    cpu: [arm64]
    os: [linux]
    libc: [musl]

  '@astrojs/compiler-binding-linux-x64-gnu@0.3.0':
    resolution: {integrity: sha512-Dr69VJYlnSfyL8gzELW6S4mE41P7TDPn1IKjwMnjdZ7+dxgJI50oMLFSk1LVe26bHmWB3ktuh8fDVK1THI9e9A==}
    engines: {node: ^20.19.0 || >=22.12.0}
    cpu: [x64]
    os: [linux]
    libc: [glibc]

  '@astrojs/compiler-binding-linux-x64-musl@0.3.0':
    resolution: {integrity: sha512-AEt+bRw8PfImCcyRH1lpXVB8CdmQ1K/wPo5u99iec4/U/XdNvQZ715YVuNzIJpbJXelgQeZ5H2+Ea7XwRyWY5g==}
    engines: {node: ^20.19.0 || >=22.12.0}
    cpu: [x64]
    os: [linux]
    libc: [musl]

  '@astrojs/compiler-binding-wasm32-wasi@0.3.0':
    resolution: {integrity: sha512-U80tA1j8V6LjhiTZzVCtG4E8hrNVVNXDGV5fCgJ94q8FU9CPH+XwdDDhLzBybfWhKfyItXmQiZNRPTiPCYTpVg==}
    engines: {node: '>=14.0.0'}
    cpu: [wasm32]

  '@astrojs/compiler-binding-win32-arm64-msvc@0.3.0':
    resolution: {integrity: sha512-CpY1RII2r1XMpOUVD1VR/F2wtuRsiOCkFULS10Khyj8/DFZMtxVuUCAWGw+CW2Ka0h6eP3Xc1CA+glFlvXMPxA==}
    engines: {node: ^20.19.0 || >=22.12.0}
    cpu: [arm64]
    os: [win32]

  '@astrojs/compiler-binding-win32-x64-msvc@0.3.0':
    resolution: {integrity: sha512-qmFbs769oeeGrRebAnCW7aBk8m71vf85W/dX/jddfx5Z06/w0wf7TZCfJPOX1Fld2t+4N+iXzfGEJG+zJQ+bzg==}
    engines: {node: ^20.19.0 || >=22.12.0}
    cpu: [x64]
    os: [win32]

  '@astrojs/compiler-binding@0.3.0':
    resolution: {integrity: sha512-zlsOT5COD9hRwplJCgQhS21unxON5AKirf0vgt1ijXwuseYIaZdm2ZOpF8fsz+DY9EyXx+I/ukxtg7uoBep68A==}
    engines: {node: ^20.19.0 || >=22.12.0}

  '@astrojs/compiler-rs@0.3.0':
    resolution: {integrity: sha512-J2qEVHtIDjEM9TxwmwuebOGmZNwhKu/dR7P7qBpnJKGmBBX0vdweQ/4cEXhj8fBbWVUB5V12xWChri3CgKNULQ==}
    engines: {node: '>=22.12.0'}

  '@astrojs/compiler@2.13.1':
    resolution: {integrity: sha512-f3FN83d2G/v32ipNClRKgYv30onQlMZX1vCeZMjPsMMPl1mDpmbl0+N5BYo4S/ofzqJyS5hvwacEo0CCVDn/Qg==}

  '@astrojs/compiler@4.0.0':
    resolution: {integrity: sha512-eouss7G8ygdZqHuke033VMcVw5HTZUu+PXd/h06DGDUg/jt5btPYPqh66ENWw/mU78rBrf/oeC4oqoBwMtDMNA==}

  '@astrojs/internal-helpers@0.10.0':
    resolution: {integrity: sha512-Ry2R3VPeIN4uPCSA4xQc+e+vsJXkalKpEbDc07hV+a/o5Bs2N/s/uDcPJH/05L19DKh9tAy7e6JM3YZ6Cxfezw==}

  '@astrojs/internal-helpers@0.10.1':
    resolution: {integrity: sha512-5phcroT/vmOOrYuuAxtkbPixy5hePtlz9i8K4OeDv3dNK6/UQRuXPOSRTxIOBbUY5Sonw2UaxjbuVc43Mcir6Q==}

  '@astrojs/language-server@2.16.11':
    resolution: {integrity: sha512-sJ/EfnFp0+gurTrkvONtd9qRqmMZLT9bHelfI1SA35CaQVTrRrA74qteOcNT/al1b9Atg3IiH1Jk/qfckyC+fg==}
    hasBin: true
    peerDependencies:
      prettier: ^3.0.0
      prettier-plugin-astro: '>=0.11.0'
    peerDependenciesMeta:
      prettier:
        optional: true
      prettier-plugin-astro:
        optional: true

  '@astrojs/markdown-remark@7.2.0':
    resolution: {integrity: sha512-+YxmVQu1Bd+MFfSzjq1rOJvD9+nIOJzz5YIIhdIH01RrxRkKbyKoEgyIqP3yv51MhzMDgd79QaPv+kCVPT8vHw==}

  '@astrojs/markdown-satteri@0.3.3':
    resolution: {integrity: sha512-Lje33Ittd8UQGgbIIWQvhPkj5X5c4b1sZnZWX3JQV/AWpfbuQGxVi2ONt6+ScydcwfR4egilslEWyczMclrJ1g==}

  '@astrojs/node@10.1.4':
    resolution: {integrity: sha512-itV568ttlrpwNsutO+KPziqKfzTPlAIXMADlpBi3VeQ3liivRKKKG+jm+IjLMKvYGkxd0QnClKVCBP4i3gpwQQ==}
    peerDependencies:
      astro: ^6.3.0

  '@astrojs/prism@4.0.2':
    resolution: {integrity: sha512-KTivpmnz6lDsC6o9H4+DNm2SrE/GHzw8cNAvEJwAvUT+eoaEnn/4NtbDNfRRaxaJHdp15gf+tfHAWiXR4wB3BA==}
    engines: {node: '>=22.12.0'}

  '@astrojs/telemetry@3.3.2':
    resolution: {integrity: sha512-j8DNruA8ors99Al39RYZPJK4DC1bKkoNm93mAMuBhY9TCNC4R8n1q7ovFnJ5qhGh5Lsh7pa1gpQVpYpsJPeTHQ==}
    engines: {node: 18.20.8 || ^20.3.0 || >=22.0.0}

  '@astrojs/telemetry@3.3.3':
    resolution: {integrity: sha512-C1TLn5sPJr0x4vk56piHWKbnqlEB8BKyte5Y45V02U+D7BGO5eMqZDH5aPjnkXQWJggvmsTXxH03QMZ9NgWLzQ==}
    engines: {node: 18.20.8 || ^20.3.0 || >=22.0.0}

  '@astrojs/yaml2ts@0.2.4':
    resolution: {integrity: sha512-8oddpOae35pJsXPQXhTkM0ypfKPskVsh2bCxRtbf7e+/Epw2nReakFYpLKjZMEr75CsoF203PMnCocpfz0s69A==}

  '@axe-core/playwright@4.12.1':
    resolution: {integrity: sha512-rMd7xriptqKpP+w5265i4Hdkv2X5kbu6uiBi/B2I7uf3hieRBM3qDCfaKPtxfiYb2mKXfF+yLODJwIx+Jv1GDw==}
    peerDependencies:
      playwright-core: '>= 1.0.0'

  '@babel/helper-string-parser@7.29.7':
    resolution: {integrity: sha512-Pb5ijPrZ89GDH8223L4UP8i6QApWxs04RbPQJTeWDV0/keR2E36MeKnyr6LYmUUvqRRI+Iv87SuF1W6ErINzYw==}
    engines: {node: '>=6.9.0'}

  '@babel/helper-validator-identifier@7.29.7':
    resolution: {integrity: sha512-qehxGkRj55h/ff8EMaJ+cYhyaKlHIxqYDn682wQD7RNp9UujOQsHog2uS0r2vzr4pW+sXf90NeeayjcNaX3fFg==}
    engines: {node: '>=6.9.0'}

  '@babel/parser@7.29.7':
    resolution: {integrity: sha512-hnORnjP/1P/zFEndoeX+n+t1RwWRJiJpM/jO7FW32Kn9r5+sJB2JWOdYo4L6k78j15eCwY3Gm/7364B1EMwtNg==}
    engines: {node: '>=6.0.0'}
    hasBin: true

  '@babel/types@7.29.7':
    resolution: {integrity: sha512-4zBIxpPzowiZpusoFkyGVwakdRJUyuH5PxQ/PrqghfdFWWasvnCdPfQXHrenDai+gyLARulZjZowCOj6fjT4pA==}
    engines: {node: '>=6.9.0'}

  '@bruits/satteri-darwin-arm64@0.9.5':
    resolution: {integrity: sha512-iw4nZgx9v30lWo/MTngQqi1pI78KI0DnkSm+lVJGYdmPLgAyDNJigVhpG42/Iq55A6c1Ll8q66ljyyRiQUxwow==}
    cpu: [arm64]
    os: [darwin]

  '@bruits/satteri-darwin-x64@0.9.5':
    resolution: {integrity: sha512-6T26Z5Kf3cFW2PSlk9p7zT7yVxvuBSiJvYyz9u8KjYwMTqZyIDOj2wDyNpxKV4+6yUVG7rddq2QwvG/8LJA2+Q==}
    cpu: [x64]
    os: [darwin]

  '@bruits/satteri-linux-arm64-gnu@0.9.5':
    resolution: {integrity: sha512-u51id17uJwNEMK9nBlICsq6U31c+XVqQueVBkwRIzZG+gMpS8TOJctt5h5Wz33Z8xnMdTd+adtACVz0yHgGuOA==}
    cpu: [arm64]
    os: [linux]
    libc: [glibc]

  '@bruits/satteri-linux-arm64-musl@0.9.5':
    resolution: {integrity: sha512-v39HxiwGC5Rqm01HksP6+5Y+xKLPlsuVFgIgpEAo+SiQ22c+mJVhS3u7Z6ePAKdhL5NJoK1xq70kLz3L13AhpQ==}
    cpu: [arm64]
    os: [linux]
    libc: [musl]

  '@bruits/satteri-linux-x64-gnu@0.9.5':
    resolution: {integrity: sha512-F3uO8uFp3pAP5ZGXttwvh57GS7s0lL953tnNdyI2gRyP4kOOkp6pyGojNJzCjkDvWI2Cvb9iNrKok3aqQPauAw==}
    cpu: [x64]
    os: [linux]
    libc: [glibc]

  '@bruits/satteri-linux-x64-musl@0.9.5':
    resolution: {integrity: sha512-bicEqglLlz++mWyADaZoP0JY20s4vDfLjaPYgQqC+NI4zZLTOOg1T4GB8aqtc822Pqji8SQBmSrTb7CrP8i08Q==}
    cpu: [x64]
    os: [linux]
    libc: [musl]

  '@bruits/satteri-wasm32-wasi@0.9.5':
    resolution: {integrity: sha512-zauAuMwfPnKPUkd4AFixRFpXdgKwP2mKgxrIIo2gJzW0/ZneF9dbHnLkojSpaBnCCp7VUL1hIi5WWZvB1CqmAQ==}
    engines: {node: '>=14.0.0'}
    cpu: [wasm32]

  '@bruits/satteri-win32-arm64-msvc@0.9.5':
    resolution: {integrity: sha512-SrfE7NEsgZjBvU3c+RR6oQRu0ToXY5uVJEbieXEF0YTctIV2zAVlbaMjWLts074QCgh3a+XHWkR/lWh2VH2LUg==}
    cpu: [arm64]
    os: [win32]

  '@bruits/satteri-win32-x64-msvc@0.9.5':
    resolution: {integrity: sha512-5Kw9ZAtTGS8WHizyn+CJhjjfIQrw+7jcZodpmpXJjefnO15M8UexIi6JR2E5thyvsmHyhL6ZDDMUNR4bKJPd4g==}
    cpu: [x64]
    os: [win32]

  '@capsizecss/unpack@4.0.1':
    resolution: {integrity: sha512-CuNiSqg7+e1cO/GjffyMOm5Tt2jUF9CWHHnvQ/UkqvtkGfHdgwEC0wpmq7fkN3gxwpRnrAN0WzO3vREKmNolMQ==}
    engines: {node: '>=18'}

  '@clack/core@1.4.3':
    resolution: {integrity: sha512-/kr3UWNtdJfxZtPgDqUOmG2pvwlmcLGheex5yiZKdwbzZJxhV+HMNR9QNmyY5cGwTNV6LrR7Jtp+KjhUAP1qBQ==}
    engines: {node: '>= 20.12.0'}

  '@clack/prompts@1.7.0':
    resolution: {integrity: sha512-y7/yvZ2TPAnR9+jnc00klvNNLkJiXFFrQA/hlLCcxA9a2A4zQIOimyFQ9XfwYKiGD1fb5GY8vbKIIgO8d5Tb2A==}
    engines: {node: '>= 20.12.0'}

  '@clerk/astro@3.4.15':
    resolution: {integrity: sha512-4fKDOaAWXHpohkMGbCmjuXgBOYJ57nk4fZnseEiGCnS0KQMXXg7NN2/aqpXBbrVRgl/i/3ZnSZRXp6ArB/iEEg==}
    engines: {node: '>=20.9.0'}
    peerDependencies:
      astro: ^4.15.0 || ^5.0.0 || ^6.0.0

  '@clerk/backend@3.11.3':
    resolution: {integrity: sha512-takrEE0nliUz39e8Ct1YG471eBcuU2I1ZStRIU9U0UAIuiNAxNTNuaVZSXaZeK4QTuJtdQhoGy8rvzxr/10Btw==}
    engines: {node: '>=20.9.0'}

  '@clerk/shared@4.25.2':
    resolution: {integrity: sha512-v7zgDh0eVLl3KzRHbKYTsPQ+4Xcx8A2oiU5iZ9WhME024WudwkjjPJRK12RycY0VA1Sj8i4Pi5zEpecqB/gp1Q==}
    engines: {node: '>=20.9.0'}
    peerDependencies:
      react: ^18.0.0 || ~19.0.3 || ~19.1.4 || ~19.2.3 || ~19.3.0-0
      react-dom: ^18.0.0 || ~19.0.3 || ~19.1.4 || ~19.2.3 || ~19.3.0-0
    peerDependenciesMeta:
      react:
        optional: true
      react-dom:
        optional: true

  '@emmetio/abbreviation@2.3.3':
    resolution: {integrity: sha512-mgv58UrU3rh4YgbE/TzgLQwJ3pFsHHhCLqY20aJq+9comytTXUDNGG/SMtSeMJdkpxgXSXunBGçmøÖÚ$z{-®éÜj×‚ÖvçRs¢ããP¢t&öÆÆF÷vâö&–æF–ærÖÆ–çW‚×ƒcBÖvçRs¢ããP¢t&öÆÆF÷vâö&–æF–ærÖÆ–çW‚×ƒcBÖ×W6Âs¢ããP¢t&öÆÆF÷vâö&–æF–ærÖ÷Væ†&Ööç’Ö&ÓcBs¢ããP¢t&öÆÆF÷vâö&–æF–ær×v6Ó3"×v6’s¢ããP¢t&öÆÆF÷vâö&–æF–ær×v–ã3"Ö&ÓcBÖ×7f2s¢ããP¢t&öÆÆF÷vâö&–æF–ær×v–ã3"×ƒcBÖ×7f2s¢ããP ¢&öÆÇWBãc"ã# ¢FWVæFVæ6–W3 ¢tG—W2öW7G&VRs¢ãã¢÷F–öæÄFWVæFVæ6–W3 ¢t&öÆÇW÷&öÆÇWÖæG&ö–BÖ&ÒÖV&’s¢Bãc"ã ¢t&öÆÇW÷&öÆÇWÖæG&ö–BÖ&ÓcBs¢Bãc"ã ¢t&öÆÇW÷&öÆÇWÖF'v–âÖ&ÓcBs¢Bãc"ã ¢t&öÆÇW÷&öÆÇWÖF'v–â×ƒcBs¢Bãc"ã ¢t&öÆÇW÷&öÆÇWÖg&VV'6BÖ&ÓcBs¢Bãc"ã ¢t&öÆÇW÷&öÆÇWÖg&VV'6B×ƒcBs¢Bãc"ã ¢t&öÆÇW÷&öÆÇWÖÆ–çW‚Ö&ÒÖvçVV&–†bs¢Bãc"ã ¢t&öÆÇW÷&öÆÇWÖÆ–çW‚Ö&ÒÖ×W6ÆV&–†bs¢Bãc"ã ¢t&öÆÇW÷&öÆÇWÖÆ–çW‚Ö&ÓcBÖvçRs¢Bãc"ã ¢t&öÆÇW÷&öÆÇWÖÆ–çW‚Ö&ÓcBÖ×W6Âs¢Bãc"ã ¢t&öÆÇW÷&öÆÇWÖÆ–çW‚ÖÆööæscBÖvçRs¢Bãc"ã ¢t&öÆÇW÷&öÆÇWÖÆ–çW‚ÖÆööæscBÖ×W6Âs¢Bãc"ã ¢t&öÆÇW÷&öÆÇWÖÆ–çW‚×3cBÖvçRs¢Bãc"ã ¢t&öÆÇW÷&öÆÇWÖÆ–çW‚×3cBÖ×W6Âs¢Bãc"ã ¢t&öÆÇW÷&öÆÇWÖÆ–çW‚×&—67ccBÖvçRs¢Bãc"ã ¢t&öÆÇW÷&öÆÇWÖÆ–çW‚×&—67ccBÖ×W6Âs¢Bãc"ã ¢t&öÆÇW÷&öÆÇWÖÆ–çW‚×33“‚ÖvçRs¢Bãc"ã ¢t&öÆÇW÷&öÆÇWÖÆ–çW‚×ƒcBÖvçRs¢Bãc"ã ¢t&öÆÇW÷&öÆÇWÖÆ–çW‚×ƒcBÖ×W6Âs¢Bãc"ã ¢t&öÆÇW÷&öÆÇWÖ÷Væ'6B×ƒcBs¢Bãc"ã ¢t&öÆÇW÷&öÆÇWÖ÷Væ†&Ööç’Ö&ÓcBs¢Bãc"ã ¢t&öÆÇW÷&öÆÇW×v–ã3"Ö&ÓcBÖ×7f2s¢Bãc"ã ¢t&öÆÇW÷&öÆÇW×v–ã3"Ö–3"Ö×7f2s¢Bãc"ã ¢t&öÆÇW÷&öÆÇW×v–ã3"×ƒcBÖvçRs¢Bãc"ã ¢t&öÆÇW÷&öÆÇW×v–ã3"×ƒcBÖ×7f2s¢Bãc"ã ¢g6WfVçG3¢"ã2ã0 ¢6GFW&”ã’ãS ¢FWVæFVæ6–W3 ¢tG—W2öW7G&VRÖ§7‚s¢ããP¢tG—W2ö†7Bs¢2ãã@¢tG—W2öÖF7Bs¢Bãã@¢tG—W2÷Væ—7Bs¢2ãã0¢÷F–öæÄFWVæFVæ6–W3 ¢t''V—G2÷6GFW&’ÖF'v–âÖ&ÓcBs¢ã’ãP¢t''V—G2÷6GFW&’ÖF'v–â×ƒcBs¢ã’ãP¢t''V—G2÷6GFW&’ÖÆ–çW‚Ö&ÓcBÖvçRs¢ã’ãP¢t''V—G2÷6GFW&’ÖÆ–çW‚Ö&ÓcBÖ×W6Âs¢ã’ãP¢t''V—G2÷6GFW&’ÖÆ–çW‚×ƒcBÖvçRs¢ã’ãP¢t''V—G2÷6GFW&’ÖÆ–çW‚×ƒcBÖ×W6Âs¢ã’ãP¢t''V—G2÷6GFW&’×v6Ó3"×v6’s¢ã’ãP¢t''V—G2÷6GFW&’×v–ã3"Ö&ÓcBÖ×7f2s¢ã’ãP¢t''V—G2÷6GFW&’×v–ã3"×ƒcBÖ×7f2s¢ã’ãP ¢6„ãbã¢·Ð ¢6V×fW$rã‚ãS¢·Ð ¢6VæDã"ã ¢FWVæFVæ6–W3 ¢FV'Vs¢BãBã0¢Væ6öFWW&Ã¢"ãã ¢W66RÖ‡FÖÃ¢ãã0¢WFs¢ã‚ã¢g&W6ƒ¢"ãã ¢‡GGÖW'&÷'3¢"ãã¢Ö–ÖR×G—W3¢2ãã ¢×3¢"ãã0¢öâÖf–æ—6†VC¢"ãBã¢&ævR×'6W#¢ã2ã ¢7FGW6W3¢"ãã ¢G&ç6—F—fUVW$FWVæFVæ6–W3 ¢Ò7W÷'G2Ö6öÆ÷  ¢6W'fW"ÖFW7G&÷”ãã¢·Ð ¢6WG&÷F÷G—Vödã"ã¢·Ð ¢6†'ã3BãS ¢FWVæFVæ6–W3 ¢t–Örö6öÆ÷W"s¢ãã ¢FWFV7BÖÆ–&3¢"ãã ¢6V×fW#¢rã‚ãP¢÷F–öæÄFWVæFVæ6–W3 ¢t–Ör÷6†'ÖF'v–âÖ&ÓcBs¢ã3BãP¢t–Ör÷6†'ÖF'v–â×ƒcBs¢ã3BãP¢t–Ör÷6†'ÖÆ–'f—2ÖF'v–âÖ&ÓcBs¢ã"ã@¢t–Ör÷6†'ÖÆ–'f—2ÖF'v–â×ƒcBs¢ã"ã@¢t–Ör÷6†'ÖÆ–'f—2ÖÆ–çW‚Ö&Òs¢ã"ã@¢t–Ör÷6†'ÖÆ–'f—2ÖÆ–çW‚Ö&ÓcBs¢ã"ã@¢t–Ör÷6†'ÖÆ–'f—2ÖÆ–çW‚×3cBs¢ã"ã@¢t–Ör÷6†'ÖÆ–'f—2ÖÆ–çW‚×&—67ccBs¢ã"ã@¢t–Ör÷6†'ÖÆ–'f—2ÖÆ–çW‚×33“‚s¢ã"ã@¢t–Ör÷6†'ÖÆ–'f—2ÖÆ–çW‚×ƒcBs¢ã"ã@¢t–Ör÷6†'ÖÆ–'f—2ÖÆ–çW†×W6ÂÖ&ÓcBs¢ã"ã@¢t–Ör÷6†'ÖÆ–'f—2ÖÆ–çW†×W6Â×ƒcBs¢ã"ã@¢t–Ör÷6†'ÖÆ–çW‚Ö&Òs¢ã3BãP¢t–Ör÷6†'ÖÆ–çW‚Ö&ÓcBs¢ã3BãP¢t–Ör÷6†'ÖÆ–çW‚×3cBs¢ã3BãP¢t–Ör÷6†'ÖÆ–çW‚×&—67ccBs¢ã3BãP¢t–Ör÷6†'ÖÆ–çW‚×33“‚s¢ã3BãP¢t–Ör÷6†'ÖÆ–çW‚×ƒcBs¢ã3BãP¢t–Ör÷6†'ÖÆ–çW†×W6ÂÖ&ÓcBs¢ã3BãP¢t–Ör÷6†'ÖÆ–çW†×W6Â×ƒcBs¢ã3BãP¢t–Ör÷6†'×v6Ó3"s¢ã3BãP¢t–Ör÷6†'×v–ã3"Ö&ÓcBs¢ã3BãP¢t–Ör÷6†'×v–ã3"Ö–3"s¢ã3BãP¢t–Ör÷6†'×v–ã3"×ƒcBs¢ã3BãP¢÷F–öæÃ¢G'VP ¢6†'ã3Rã2„G—W2öæöFT#Bãã“ ¢FWVæFVæ6–W3 ¢t–Örö6öÆ÷W"s¢ãã ¢FWFV7BÖÆ–&3¢"ãã ¢6V×fW#¢rã‚ãP¢÷F–öæÄFWVæFVæ6–W3 ¢t–Ör÷6†'ÖF'v–âÖ&ÓcBs¢ã3Rã0¢t–Ör÷6†'ÖF'v–â×ƒcBs¢ã3Rã0¢t–Ör÷6†'Ög&VV'6B×v6Ó3"s¢ã3Rã0¢t–Ör÷6†'ÖÆ–'f—2ÖF'v–âÖ&ÓcBs¢ã2ã ¢t–Ör÷6†'ÖÆ–'f—2ÖF'v–â×ƒcBs¢ã2ã ¢t–Ör÷6†'ÖÆ–'f—2ÖÆ–çW‚Ö&Òs¢ã2ã ¢t–Ör÷6†'ÖÆ–'f—2ÖÆ–çW‚Ö&ÓcBs¢ã2ã ¢t–Ör÷6†'ÖÆ–'f—2ÖÆ–çW‚×3cBs¢ã2ã ¢t–Ör÷6†'ÖÆ–'f—2ÖÆ–çW‚×&—67ccBs¢ã2ã ¢t–Ör÷6†'ÖÆ–'f—2ÖÆ–çW‚×33“‚s¢ã2ã ¢t–Ör÷6†'ÖÆ–'f—2ÖÆ–çW‚×ƒcBs¢ã2ã ¢t–Ör÷6†'ÖÆ–'f—2ÖÆ–çW†×W6ÂÖ&ÓcBs¢ã2ã ¢t–Ör÷6†'ÖÆ–'f—2ÖÆ–çW†×W6Â×ƒcBs¢ã2ã ¢t–Ör÷6†'ÖÆ–çW‚Ö&Òs¢ã3Rã0¢t–Ör÷6†'ÖÆ–çW‚Ö&ÓcBs¢ã3Rã0¢t–Ör÷6†'ÖÆ–çW‚×3cBs¢ã3Rã0¢t–Ör÷6†'ÖÆ–çW‚×&—67ccBs¢ã3Rã0¢t–Ör÷6†'ÖÆ–çW‚×33“‚s¢ã3Rã0¢t–Ör÷6†'ÖÆ–çW‚×ƒcBs¢ã3Rã0¢t–Ör÷6†'ÖÆ–çW†×W6ÂÖ&ÓcBs¢ã3Rã0¢t–Ör÷6†'ÖÆ–çW†×W6Â×ƒcBs¢ã3Rã0¢t–Ör÷6†'×vV&6öçF–æW'2×v6Ó3"s¢ã3Rã0¢t–Ör÷6†'×v–ã3"Ö&ÓcBs¢ã3Rã0¢t–Ör÷6†'×v–ã3"Ö–3"s¢ã3Rã0¢t–Ör÷6†'×v–ã3"×ƒcBs¢ã3Rã0¢tG—W2öæöFRs¢#Bãã ¢6†V&ærÖ6öÖÖæD"ãã ¢FWVæFVæ6–W3 ¢6†V&ær×&VvWƒ¢2ãã ¢÷F–öæÃ¢G'VP ¢6†V&ær×&VvW„2ãã ¢÷F–öæÃ¢G'VP ¢6†–¶”Bã2ã ¢FWVæFVæ6–W3 ¢t6†–¶–§2ö6÷&Rs¢Bã2ã¢t6†–¶–§2öVæv–æRÖ¦f67&—Bs¢Bã2ã¢t6†–¶–§2öVæv–æRÖöæ–wW'VÖs¢Bã2ã¢t6†–¶–§2öÆæw2s¢Bã2ã¢t6†–¶–§2÷F†VÖW2s¢Bã2ã¢t6†–¶–§2÷G—W2s¢Bã2ã¢t6†–¶–§2÷g66öFR×FW‡FÖFRs¢ãã ¢tG—W2ö†7Bs¢2ãã@ ¢6–v–æfô"ãã¢·Ð ¢6–væÂÖW†—D2ããs ¢÷F–öæÃ¢G'VP ¢6—7FW&ç6”ããS¢·Ð ¢6ÖöÂ×FöÖÄãrã¢·Ð ¢6÷W&6RÖÖÖ§4ã"ã¢·Ð ¢76R×6W&FVB×Fö¶Vç4"ãã#¢·Ð ¢7F6¶&6´ãã#¢·Ð ¢7FæF&GvV&†öö·4ãã ¢FWVæFVæ6–W3 ¢t7F&ÆVÆ–"ö&6ScBs¢ãã¢f7B×6†#Sc¢ã2ã  ¢7FGW6W4"ãã#¢·Ð ¢7FBÖVçdBã"ã¢·Ð ¢7G&–ær×v–GF„Bã"ã3 ¢FWVæFVæ6–W3 ¢VÖö¦’×&VvWƒ¢‚ãã ¢—2ÖgVÆÇv–GF‚Ö6öFR×ö–çC¢2ãã ¢7G&—Öç6“¢bãã ¢7G&–æv–g’ÖVçF—F–W4BããC ¢FWVæFVæ6–W3 ¢6†&7FW"ÖVçF—F–W2Ö‡FÖÃC¢"ãã ¢6†&7FW"ÖVçF—F–W2ÖÆVv7“¢2ãã  ¢7G&—Öç6”bãã ¢FWVæFVæ6–W3 ¢ç6’×&VvWƒ¢Rãã ¢7G&—Öf–æÂÖæWvÆ–æT"ãã ¢÷F–öæÃ¢G'VP ¢7G&—T#"ã2ã„G—W2öæöFT#Bãã“ ¢÷F–öæÄFWVæFVæ6–W3 ¢tG—W2öæöFRs¢#Bãã ¢7fvôBãã ¢FWVæFVæ6–W3 ¢6öÖÖæFW#¢ãã ¢772×6VÆV7C¢Rã"ã ¢772×G&VS¢2ã"ã¢772×v†C¢bã"ã ¢776ó¢RããP¢–6ö6öÆ÷'3¢ãã¢6ƒ¢ãbã  ¢F–ç’Ö–æfÆFTãã3¢·Ð ¢F–ç–&Væ6„"ã’ã¢·Ð ¢F–ç–6Æ—ããS¢·Ð ¢F–ç–W†V4ã"ãC¢·Ð ¢F–ç–vÆö&'”ã"ãs ¢FWVæFVæ6–W3 ¢fF—#¢bãRã‡–6öÖF6„BããR¢–6öÖF6ƒ¢BããP ¢F–ç—&–æ&÷t2ãã¢·Ð ¢Fö–FVçF–f–W$ãã¢·Ð ¢G&–ÒÖÆ–æW42ãã¢·Ð ¢G&÷Vv„"ã"ã¢·Ð ¢G6Æ–$"ã‚ã¢·Ð ¢G—W6fR×F„ã"ã#¢·Ð ¢G—W67&—BÖWFòÖ–×÷'BÖ66†Tã2ãc ¢FWVæFVæ6–W3 ¢6V×fW#¢rã‚ãP ¢G—W67&—Dbãã3¢·Ð ¢VfôãbãC¢·Ð ¢VÇG&‡FÖÄãbã¢·Ð ¢Væ7'—Fôãã3¢·Ð ¢VæF–6’×G—W4rãbã¢·Ð ¢Væ–f–VDããS ¢FWVæFVæ6–W3 ¢tG—W2÷Væ—7Bs¢2ãã0¢&–Ã¢"ãã ¢FWfÆ÷¢ãã ¢W‡FVæC¢2ãã ¢—2×Æ–âÖö&£¢Bãã ¢G&÷Vvƒ¢"ã"ã ¢ff–ÆS¢bãã0 ¢Væ–föçDãrãC ¢FWVæFVæ6–W3 ¢772×G&VS¢2ã"ã¢öfWF6ƒ¢ãRã¢ö†6ƒ¢"ãã ¢Væ—7B×WF–ÂÖf–æBÖgFW$Rãã ¢FWVæFVæ6–W3 ¢tG—W2÷Væ—7Bs¢2ãã0¢Væ—7B×WF–ÂÖ—3¢bãã ¢Væ—7B×WF–ÂÖ—4bãã ¢FWVæFVæ6–W3 ¢tG—W2÷Væ—7Bs¢2ãã0 ¢Væ—7B×WF–ÂÖÖöF–g’Ö6†–ÆG&VäBãã ¢FWVæFVæ6–W3 ¢tG—W2÷Væ—7Bs¢2ãã0¢'&’Ö—FW&FS¢"ãã ¢Væ—7B×WF–Â×÷6—F–öäRãã ¢FWVæFVæ6–W3 ¢tG—W2÷Væ—7Bs¢2ãã0 ¢Væ—7B×WF–Â×&VÖ÷fR×÷6—F–öäRãã ¢FWVæFVæ6–W3 ¢tG—W2÷Væ—7Bs¢2ãã0¢Væ—7B×WF–Â×f—6—C¢Rãã  ¢Væ—7B×WF–Â×7G&–æv–g’×÷6—F–öäBãã ¢FWVæFVæ6–W3 ¢tG—W2÷Væ—7Bs¢2ãã0 ¢Væ—7B×WF–Â×f—6—BÖ6†–ÆG&Vä2ãã ¢FWVæFVæ6–W3 ¢tG—W2÷Væ—7Bs¢2ãã0 ¢Væ—7B×WF–Â×f—6—B×&VçG4bãã# ¢FWVæFVæ6–W3 ¢tG—W2÷Væ—7Bs¢2ãã0¢Væ—7B×WF–ÂÖ—3¢bãã ¢Væ—7B×WF–Â×f—6—DRãã ¢FWVæFVæ6–W3 ¢tG—W2÷Væ—7Bs¢2ãã0¢Væ—7B×WF–ÂÖ—3¢bãã¢Væ—7B×WF–Â×f—6—B×&VçG3¢bãã  ¢Vç7F÷&vTãrãR„fW&6VÂögVæ7F–öç42ãrãR‡w4‚ã#ã’“ ¢FWVæFVæ6–W3 ¢ç–ÖF6ƒ¢2ãã0¢6†ö¶–F#¢Rãã ¢FW7G#¢"ããP¢ƒ3¢ãRã¢Ç'RÖ66†S¢ãRã ¢æöFRÖfWF6‚ÖæF—fS¢ãbãp¢öfWF6ƒ¢ãRã¢Vfó¢ãbã@¢÷F–öæÄFWVæFVæ6–W3 ¢tfW&6VÂögVæ7F–öç2s¢2ãrãR‡w4‚ã#ã ¢ff–ÆRÖÆö6F–öäRãã3 ¢FWVæFVæ6–W3 ¢tG—W2÷Væ—7Bs¢2ãã0¢ff–ÆS¢bãã0 ¢ff–ÆRÖÖW76vTBãã3 ¢FWVæFVæ6–W3 ¢tG—W2÷Væ—7Bs¢2ãã0¢Væ—7B×WF–Â×7G&–æv–g’×÷6—F–öã¢Bãã  ¢ff–ÆTbãã3 ¢FWVæFVæ6–W3 ¢tG—W2÷Væ—7Bs¢2ãã0¢ff–ÆRÖÖW76vS¢Bãã0 ¢f—FTrã2ãb„G—W2öæöFT#Bãã’†Æ–v‡Fæ–æv774ã3"ã’‡–ÖÄ"ã’ã“ ¢FWVæFVæ6–W3 ¢W6'V–ÆC¢ã#‚ã¢fF—#¢bãRã‡–6öÖF6„BããR¢–6öÖF6ƒ¢BããP¢÷7F773¢‚ãRã`¢&öÆÇW¢Bãc"ã ¢F–ç–vÆö&'“¢ã"ãp¢÷F–öæÄFWVæFVæ6–W3 ¢tG—W2öæöFRs¢#Bãã¢g6WfVçG3¢"ã2ã0¢Æ–v‡Fæ–æv773¢ã3"ã ¢–ÖÃ¢"ã’ã  ¢f—FT‚ãã2„G—W2öæöFT#Bãã’†W6'V–ÆDã#‚ã’‡–ÖÄ"ã’ã“ ¢FWVæFVæ6–W3 ¢Æ–v‡Fæ–æv773¢ã3"ã ¢–6öÖF6ƒ¢BããP¢÷7F773¢‚ãRã`¢&öÆÆF÷vã¢ããP¢F–ç–vÆö&'“¢ã"ãp¢÷F–öæÄFWVæFVæ6–W3 ¢tG—W2öæöFRs¢#Bãã¢W6'V–ÆC¢ã#‚ã¢g6WfVçG3¢"ã2ã0¢–ÖÃ¢"ã’ã  ¢f—FVgTãã2‡f—FTrã2ãb„G—W2öæöFT#Bãã’†Æ–v‡Fæ–æv774ã3"ã’‡–ÖÄ"ã’ã’“ ¢÷F–öæÄFWVæFVæ6–W3 ¢f—FS¢rã2ãb„G—W2öæöFT#Bãã’†Æ–v‡Fæ–æv774ã3"ã’‡–ÖÄ"ã’ã ¢f—FVgTãã2‡f—FT‚ãã2„G—W2öæöFT#Bãã’†W6'V–ÆDã#‚ã’‡–ÖÄ"ã’ã’“ ¢÷F–öæÄFWVæFVæ6–W3 ¢f—FS¢‚ãã2„G—W2öæöFT#Bãã’†W6'V–ÆDã#‚ã’‡–ÖÄ"ã’ã ¢f—FW7DBãã„G—W2öæöFT#Bãã’‡f—FT‚ãã2„G—W2öæöFT#Bãã’†W6'V–ÆDã#‚ã’‡–ÖÄ"ã’ã’“ ¢FWVæFVæ6–W3 ¢tf—FW7BöW‡V7Bs¢Bãã ¢tf—FW7BöÖö6¶W"s¢Bãã‡f—FT‚ãã2„G—W2öæöFT#Bãã’†W6'V–ÆDã#‚ã’‡–ÖÄ"ã’ã’¢tf—FW7B÷&WGG’Öf÷&ÖBs¢Bãã ¢tf—FW7B÷'VææW"s¢Bãã ¢tf—FW7B÷6æ6†÷Bs¢Bãã ¢tf—FW7B÷7’s¢Bãã ¢tf—FW7B÷WF–Ç2s¢Bãã ¢W2ÖÖöGVÆRÖÆW†W#¢"ã2ã ¢W‡V7B×G—S¢ãBã ¢Öv–2×7G&–æs¢ã3ã#¢ö'Vs¢"ãã0¢F†S¢"ãã0¢–6öÖF6ƒ¢BããP¢7FBÖVçc¢Bã"ã ¢F–ç–&Væ6ƒ¢"ã’ã ¢F–ç–W†V3¢ã"ã@¢F–ç–vÆö&'“¢ã"ãp¢F–ç—&–æ&÷s¢2ãã ¢f—FS¢‚ãã2„G—W2öæöFT#Bãã’†W6'V–ÆDã#‚ã’‡–ÖÄ"ã’ã¢v‡’Ö—2ÖæöFR×'Vææ–æs¢"ã2ã ¢÷F–öæÄFWVæFVæ6–W3 ¢tG—W2öæöFRs¢#Bãã¢G&ç6—F—fUVW$FWVæFVæ6–W3 ¢Ò×7p ¢föÆ"×6W'f–6RÖ774ããs„föÆ"öÆæwVvR×6W'f–6T"ãBã#‚“ ¢FWVæFVæ6–W3 ¢g66öFRÖ772ÖÆæwVvW6W'f–6S¢bã2ã ¢g66öFRÖÆæwVvW6W'fW"×FW‡FFö7VÖVçC¢ãã ¢g66öFR×W&“¢2ãã ¢÷F–öæÄFWVæFVæ6–W3 ¢tföÆ"öÆæwVvR×6W'f–6Rs¢"ãBã#€ ¢föÆ"×6W'f–6RÖVÖÖWDããs„föÆ"öÆæwVvR×6W'f–6T"ãBã#‚“ ¢FWVæFVæ6–W3 ¢tVÖÖWF–òö772×'6W"s¢ãBã¢tVÖÖWF–òö‡FÖÂÖÖF6†W"s¢ã2ã ¢tg66öFRöVÖÖWBÖ†VÇW"s¢"ãã ¢g66öFR×W&“¢2ãã ¢÷F–öæÄFWVæFVæ6–W3 ¢tföÆ"öÆæwVvR×6W'f–6Rs¢"ãBã#€ ¢föÆ"×6W'f–6RÖ‡FÖÄããs„föÆ"öÆæwVvR×6W'f–6T"ãBã#‚“ ¢FWVæFVæ6–W3 ¢g66öFRÖ‡FÖÂÖÆæwVvW6W'f–6S¢Rãbã ¢g66öFRÖÆæwVvW6W'fW"×FW‡FFö7VÖVçC¢ãã ¢g66öFR×W&“¢2ãã ¢÷F–öæÄFWVæFVæ6–W3 ¢tföÆ"öÆæwVvR×6W'f–6Rs¢"ãBã#€ ¢föÆ"×6W'f–6R×&WGF–W$ããs„föÆ"öÆæwVvR×6W'f–6T"ãBã#‚’‡&WGF–W$2ã’ãB“ ¢FWVæFVæ6–W3 ¢g66öFR×W&“¢2ãã ¢÷F–öæÄFWVæFVæ6–W3 ¢tföÆ"öÆæwVvR×6W'f–6Rs¢"ãBã#€¢&WGF–W#¢2ã’ã@ ¢föÆ"×6W'f–6R×G—W67&—B×Gv÷6Æ6‚×VW&–W4ããs„föÆ"öÆæwVvR×6W'f–6T"ãBã#‚“ ¢FWVæFVæ6–W3 ¢g66öFR×W&“¢2ãã ¢÷F–öæÄFWVæFVæ6–W3 ¢tföÆ"öÆæwVvR×6W'f–6Rs¢"ãBã#€ ¢föÆ"×6W'f–6R×G—W67&—Dããs„föÆ"öÆæwVvR×6W'f–6T"ãBã#‚“ ¢FWVæFVæ6–W3 ¢F‚Ö'&÷w6W&–g“¢ãã¢6V×fW#¢rã‚ãP¢G—W67&—BÖWFòÖ–×÷'BÖ66†S¢ã2ã`¢g66öFRÖÆæwVvW6W'fW"×FW‡FFö7VÖVçC¢ãã ¢g66öFRÖæÇ3¢Rã"ã ¢g66öFR×W&“¢2ãã ¢÷F–öæÄFWVæFVæ6–W3 ¢tföÆ"öÆæwVvR×6W'f–6Rs¢"ãBã#€ ¢föÆ"×6W'f–6R×–ÖÄããs„föÆ"öÆæwVvR×6W'f–6T"ãBã#‚“ ¢FWVæFVæ6–W3 ¢g66öFR×W&“¢2ãã ¢–ÖÂÖÆæwVvR×6W'fW#¢ã#2ã ¢÷F–öæÄFWVæFVæ6–W3 ¢tföÆ"öÆæwVvR×6W'f–6Rs¢"ãBã#€ ¢g66öFRÖ772ÖÆæwVvW6W'f–6Tbã2ã ¢FWVæFVæ6–W3 ¢tg66öFRöÃâs¢ãã€¢g66öFRÖÆæwVvW6W'fW"×FW‡FFö7VÖVçC¢ãã ¢g66öFRÖÆæwVvW6W'fW"×G—W3¢2ãrãP¢g66öFR×W&“¢2ãã  ¢g66öFRÖ‡FÖÂÖÆæwVvW6W'f–6TRãbã# ¢FWVæFVæ6–W3 ¢tg66öFRöÃâs¢ãã€¢g66öFRÖÆæwVvW6W'fW"×FW‡FFö7VÖVçC¢ãã ¢g66öFRÖÆæwVvW6W'fW"×G—W3¢2ã‚ã ¢g66öFR×W&“¢2ãã  ¢g66öFRÖ§6öâÖÆæwVvW6W'f–6TBããƒ ¢FWVæFVæ6–W3 ¢§6öæ2×'6W#¢2ã2ã¢g66öFRÖÆæwVvW6W'fW"×FW‡FFö7VÖVçC¢ãã ¢g66öFRÖÆæwVvW6W'fW"×G—W3¢2ã‚ã ¢g66öFRÖæÇ3¢Rã"ã ¢g66öFR×W&“¢2ãã  ¢g66öFRÖ§6öç'4‚ã"ã¢·Ð ¢g66öFRÖ§6öç'4’ãã¢·Ð ¢g66öFRÖÆæwVvW6W'fW"×&÷Fö6öÄ2ãrãS ¢FWVæFVæ6–W3 ¢g66öFRÖ§6öç'3¢‚ã"ã ¢g66öFRÖÆæwVvW6W'fW"×G—W3¢2ãrãP ¢g66öFRÖÆæwVvW6W'fW"×&÷Fö6öÄ2ã‚ã# ¢FWVæFVæ6–W3 ¢g66öFRÖ§6öç'3¢’ãã¢g66öFRÖÆæwVvW6W'fW"×G—W3¢2ã‚ã  ¢g66öFRÖÆæwVvW6W'fW"×FW‡FFö7VÖVçDãã#¢·Ð ¢g66öFRÖÆæwVvW6W'fW"×G—W42ãrãS¢·Ð ¢g66öFRÖÆæwVvW6W'fW"×G—W42ã‚ã¢·Ð ¢g66öFRÖÆæwVvW6W'fW$’ãã ¢FWVæFVæ6–W3 ¢g66öFRÖÆæwVvW6W'fW"×&÷Fö6öÃ¢2ãrãP ¢g66öFRÖæÇ4Rã"ã¢·Ð ¢g66öFR×W&”2ãã¢·Ð ¢vV"ÖæÖW76W4"ãã¢·Ð ¢v†–6‚×Ò×'Vç4ãã¢·Ð ¢v†–6„"ãã# ¢FWVæFVæ6–W3 ¢—6W†S¢"ãã ¢÷F–öæÃ¢G'VP ¢v‡’Ö—2ÖæöFR×'Vææ–æt"ã2ã ¢FWVæFVæ6–W3 ¢6–v–æfó¢"ãã ¢7F6¶&6³¢ãã  ¢w&Öç6”rãã ¢FWVæFVæ6–W3 ¢ç6’×7G–ÆW3¢Bã2ã ¢7G&–ær×v–GFƒ¢Bã"ã0¢7G&—Öç6“¢bãã ¢w4‚ã#ã ¢÷F–öæÃ¢G'VP ¢†FrÖ×F‡4RãRã ¢FWVæFVæ6–W3 ¢÷2×F‡3¢BãBã ¢†Fr×÷'F&ÆS¢rã2ã ¢÷F–öæÃ¢G'VP ¢†Fr×÷'F&ÆTrã2ã ¢FWVæFVæ6–W3 ¢÷2×F‡3¢BãBã ¢÷F–öæÃ¢G'VP ¢‡††6‚×v6Ôãã¢·Ð ¢“†äRããƒ¢·Ð ¢–ÖÂÖÆæwVvR×6W'fW$ã#2ã ¢FWVæFVæ6–W3 ¢tg66öFRöÃâs¢ãã€¢§c¢‚ã#ã ¢§bÖG&gBÓC¢ãã†§d‚ã#ã¢§bÖ“†ã¢Bã"ã†§d‚ã#ã¢&WGF–W#¢2ã’ã@¢&WVW7BÖÆ–v‡C¢ãRã€¢g66öFRÖ§6öâÖÆæwVvW6W'f–6S¢Bãã€¢g66öFRÖÆæwVvW6W'fW#¢’ãã¢g66öFRÖÆæwVvW6W'fW"×FW‡FFö7VÖVçC¢ãã ¢g66öFRÖÆæwVvW6W'fW"×G—W3¢2ã‚ã ¢g66öFR×W&“¢2ãã ¢–ÖÃ¢"ã‚ã0 ¢–ÖÄ"ã‚ã3¢·Ð ¢–ÖÄ"ã’ã¢·Ð ¢–&w2×'6W$#ãã¢·Ð ¢–&w2×'6W$#"ãã¢·Ð ¢–&w4rãrã3 ¢FWVæFVæ6–W3 ¢6Æ—V“¢‚ãã¢W66ÆFS¢2ã"ã ¢vWBÖ6ÆÆW"Öf–ÆS¢"ããP¢&WV—&RÖF—&V7F÷'“¢"ãã¢7G&–ær×v–GFƒ¢Bã"ã0¢“†ã¢Rãã€¢–&w2×'6W#¢#ãã ¢–ö7Fò×VWVTã"ã#¢·Ð ¢¦öDBãã ¢÷F–öæÃ¢G'VP ¢¦öDBãBã3¢·Ð ¢§v—F6„"ããC¢·Ð 